{
  "lockfileVersion": 1,
  "configVersion": 1,
  "workspaces": {
    "": {
      "name": "bun-security-scanner-bug-repro",
      "devDependencies": {
        "@bun-security-scanner/osv": "1.0.0",
      },
    },
  },
  "packages": {
    "@bun-security-scanner/osv": ["@bun-security-scanner/osv@1.0.0", "", { "dependencies": { "zod": "^4.1.12" } }, "sha512-hHtsD2VyaF5JGCzJp3pGXykgNyOFQUuG8qJ7TJ5OfNl7xfPO2AnER1aGx/PzvLFJVJI6Qsj+oUt/5vpcdMK8oQ=="],

    "zod": ["zod@4.3.6", "", {}, "sha512-rftlrkhHZOcjDwkGlnUtZZkvaPHCsDATp4pGpuOOMDaTdDDXF91wuVDJoWoPsKX/3YPQ5fHuF3STjcYyKr+Qhg=="],
  }
}
